
Microsoft Visual Studio Solution File, Format Version 12.00
# Visual Studio Version 16
VisualStudioVersion = 16.0.31702.278
MinimumVisualStudioVersion = 10.0.40219.1
Project("{FAE04EC0-301F-11D3-BF4B-00C04F79EFBC}") = "laba1", "laba1\laba1.csproj", "{7918A217-14D0-4A8A-87C4-8BEF66D6FE20}"
EndProject
Global
	GlobalSection(SolutionConfigurationPlatforms) = preSolution
		Debug|Any CPU = Debug|Any CPU
		Release|Any CPU = Release|Any CPU
	EndGlobalSection
	GlobalSection(ProjectConfigurationPlatforms) = postSolution
		{7918A217-14D0-4A8A-87C4-8BEF66D6FE20}.Debug|Any CPU.ActiveCfg = Debug|Any CPU
		{7918A217-14D0-4A8A-87C4-8BEF66D6FE20}.Debug|Any CPU.Build.0 = Debug|Any CPU
		{7918A217-14D0-4A8A-87C4-8BEF66D6FE20}.Release|Any CPU.ActiveCfg = Release|Any CPU
		{7918A217-14D0-4A8A-87C4-8BEF66D6FE20}.Release|Any CPU.Build.0 = Release|Any CPU
	EndGlobalSection
	GlobalSection(SolutionProperties) = preSolution
		HideSolutionNode = FALSE
	EndGlobalSection
	GlobalSection(ExtensibilityGlobals) = postSolution
		SolutionGuid = {251C0059-791A-40AF-89AE-C8D6FE73ECB8}
	EndGlobalSection
EndGlobal
